
Microsoft Visual Studio Solution File, Format Version 12.00
# Visual Studio 15
VisualStudioVersion = 15.0.28307.1022
MinimumVisualStudioVersion = 10.0.40219.1
Project("{FAE04EC0-301F-11D3-BF4B-00C04F79EFBC}") = "Semana9", "Semana9\Semana9.csproj", "{F694E9D8-EDC6-4F2B-8AE2-FDD11C8D3095}"
EndProject
Global
	GlobalSection(SolutionConfigurationPlatforms) = preSolution
		Debug|Any CPU = Debug|Any CPU
		Release|Any CPU = Release|Any CPU
	EndGlobalSection
	GlobalSection(ProjectConfigurationPlatforms) = postSolution
		{F694E9D8-EDC6-4F2B-8AE2-FDD11C8D3095}.Debug|Any CPU.ActiveCfg = Debug|Any CPU
		{F694E9D8-EDC6-4F2B-8AE2-FDD11C8D3095}.Debug|Any CPU.Build.0 = Debug|Any CPU
		{F694E9D8-EDC6-4F2B-8AE2-FDD11C8D3095}.Release|Any CPU.ActiveCfg = Release|Any CPU
		{F694E9D8-EDC6-4F2B-8AE2-FDD11C8D3095}.Release|Any CPU.Build.0 = Release|Any CPU
	EndGlobalSection
	GlobalSection(SolutionProperties) = preSolution
		HideSolutionNode = FALSE
	EndGlobalSection
	GlobalSection(ExtensibilityGlobals) = postSolution
		SolutionGuid = {7A107A79-29A4-4088-88F2-D1533BBB635D}
	EndGlobalSection
EndGlobal
