
Microsoft Visual Studio Solution File, Format Version 12.00
# Visual Studio 15
VisualStudioVersion = 15.0.28307.1022
MinimumVisualStudioVersion = 10.0.40219.1
Project("{FAE04EC0-301F-11D3-BF4B-00C04F79EFBC}") = "Negocio", "Negocio\Negocio.csproj", "{17F6C6D1-2EF9-414C-83A0-41A355D1C3D4}"
EndProject
Project("{FAE04EC0-301F-11D3-BF4B-00C04F79EFBC}") = "Presentacion", "Presentacion\Presentacion.csproj", "{5F34CB2E-7331-4776-9B07-9D2B6F3AEBA5}"
EndProject
Project("{FAE04EC0-301F-11D3-BF4B-00C04F79EFBC}") = "DatosSQL", "DatosSQL\DatosSQL.csproj", "{E56AFB66-C30B-46F1-A3E5-9836DD282081}"
EndProject
Global
	GlobalSection(SolutionConfigurationPlatforms) = preSolution
		Debug|Any CPU = Debug|Any CPU
		Release|Any CPU = Release|Any CPU
	EndGlobalSection
	GlobalSection(ProjectConfigurationPlatforms) = postSolution
		{17F6C6D1-2EF9-414C-83A0-41A355D1C3D4}.Debug|Any CPU.ActiveCfg = Debug|Any CPU
		{17F6C6D1-2EF9-414C-83A0-41A355D1C3D4}.Debug|Any CPU.Build.0 = Debug|Any CPU
		{17F6C6D1-2EF9-414C-83A0-41A355D1C3D4}.Release|Any CPU.ActiveCfg = Release|Any CPU
		{17F6C6D1-2EF9-414C-83A0-41A355D1C3D4}.Release|Any CPU.Build.0 = Release|Any CPU
		{5F34CB2E-7331-4776-9B07-9D2B6F3AEBA5}.Debug|Any CPU.ActiveCfg = Debug|Any CPU
		{5F34CB2E-7331-4776-9B07-9D2B6F3AEBA5}.Debug|Any CPU.Build.0 = Debug|Any CPU
		{5F34CB2E-7331-4776-9B07-9D2B6F3AEBA5}.Release|Any CPU.ActiveCfg = Release|Any CPU
		{5F34CB2E-7331-4776-9B07-9D2B6F3AEBA5}.Release|Any CPU.Build.0 = Release|Any CPU
		{E56AFB66-C30B-46F1-A3E5-9836DD282081}.Debug|Any CPU.ActiveCfg = Debug|Any CPU
		{E56AFB66-C30B-46F1-A3E5-9836DD282081}.Debug|Any CPU.Build.0 = Debug|Any CPU
		{E56AFB66-C30B-46F1-A3E5-9836DD282081}.Release|Any CPU.ActiveCfg = Release|Any CPU
		{E56AFB66-C30B-46F1-A3E5-9836DD282081}.Release|Any CPU.Build.0 = Release|Any CPU
	EndGlobalSection
	GlobalSection(SolutionProperties) = preSolution
		HideSolutionNode = FALSE
	EndGlobalSection
	GlobalSection(ExtensibilityGlobals) = postSolution
		SolutionGuid = {D208E398-56DC-41E5-AA58-27459C72866B}
	EndGlobalSection
EndGlobal
