
Microsoft Visual Studio Solution File, Format Version 12.00
# Visual Studio 15
VisualStudioVersion = 15.0.28307.1022
MinimumVisualStudioVersion = 10.0.40219.1
Project("{FAE04EC0-301F-11D3-BF4B-00C04F79EFBC}") = "Presentacion", "Presentacion\Presentacion.csproj", "{286AB31E-E6C5-4587-B2DC-705AC52A3BB1}"
EndProject
Project("{FAE04EC0-301F-11D3-BF4B-00C04F79EFBC}") = "Negocio", "Negocio\Negocio.csproj", "{62B261AF-53EC-4CCF-9E16-4FA772C6D07E}"
EndProject
Project("{FAE04EC0-301F-11D3-BF4B-00C04F79EFBC}") = "Datos", "Datos\Datos.csproj", "{9DB0E0CF-7542-4ECC-B4B4-C23FC77237F2}"
EndProject
Global
	GlobalSection(SolutionConfigurationPlatforms) = preSolution
		Debug|Any CPU = Debug|Any CPU
		Release|Any CPU = Release|Any CPU
	EndGlobalSection
	GlobalSection(ProjectConfigurationPlatforms) = postSolution
		{286AB31E-E6C5-4587-B2DC-705AC52A3BB1}.Debug|Any CPU.ActiveCfg = Debug|Any CPU
		{286AB31E-E6C5-4587-B2DC-705AC52A3BB1}.Debug|Any CPU.Build.0 = Debug|Any CPU
		{286AB31E-E6C5-4587-B2DC-705AC52A3BB1}.Release|Any CPU.ActiveCfg = Release|Any CPU
		{286AB31E-E6C5-4587-B2DC-705AC52A3BB1}.Release|Any CPU.Build.0 = Release|Any CPU
		{62B261AF-53EC-4CCF-9E16-4FA772C6D07E}.Debug|Any CPU.ActiveCfg = Debug|Any CPU
		{62B261AF-53EC-4CCF-9E16-4FA772C6D07E}.Debug|Any CPU.Build.0 = Debug|Any CPU
		{62B261AF-53EC-4CCF-9E16-4FA772C6D07E}.Release|Any CPU.ActiveCfg = Release|Any CPU
		{62B261AF-53EC-4CCF-9E16-4FA772C6D07E}.Release|Any CPU.Build.0 = Release|Any CPU
		{9DB0E0CF-7542-4ECC-B4B4-C23FC77237F2}.Debug|Any CPU.ActiveCfg = Debug|Any CPU
		{9DB0E0CF-7542-4ECC-B4B4-C23FC77237F2}.Debug|Any CPU.Build.0 = Debug|Any CPU
		{9DB0E0CF-7542-4ECC-B4B4-C23FC77237F2}.Release|Any CPU.ActiveCfg = Release|Any CPU
		{9DB0E0CF-7542-4ECC-B4B4-C23FC77237F2}.Release|Any CPU.Build.0 = Release|Any CPU
	EndGlobalSection
	GlobalSection(SolutionProperties) = preSolution
		HideSolutionNode = FALSE
	EndGlobalSection
	GlobalSection(ExtensibilityGlobals) = postSolution
		SolutionGuid = {E3BE0609-0262-42AA-BBEB-A140AADB146E}
	EndGlobalSection
EndGlobal
